// !$*UTF8*$!
{
	archiveVersion = 1;
	classes = {
	};
	objectVersion = 46;
	objects = {

/* Begin PBXBuildFile section */
		C1F7430B1EFA4D3F00D10705 /* AppDelegate.swift in Sources */ = {isa = PBXBuildFile; fileRef = C1F7430A1EFA4D3F00D10705 /* AppDelegate.swift */; };
		C1F743101EFA4D3F00D10705 /* Main.storyboard in Resources */ = {isa = PBXBuildFile; fileRef = C1F7430E1EFA4D3F00D10705 /* Main.storyboard */; };
		C1F743121EFA4D3F00D10705 /* Assets.xcassets in Resources */ = {isa = PBXBuildFile; fileRef = C1F743111EFA4D3F00D10705 /* Assets.xcassets */; };
		C1F743151EFA4D3F00D10705 /* LaunchScreen.storyboard in Resources */ = {isa = PBXBuildFile; fileRef = C1F743131EFA4D3F00D10705 /* LaunchScreen.storyboard */; };
		C1F743221EFA4EBF00D10705 /* Product.storyboard in Resources */ = {isa = PBXBuildFile; fileRef = C1F743211EFA4EBF00D10705 /* Product.storyboard */; };
		C1F743241EFA4F1800D10705 /* Us.storyboard in Resources */ = {isa = PBXBuildFile; fileRef = C1F743231EFA4F1800D10705 /* Us.storyboard */; };
		C1F743261EFA4F7300D10705 /* ProductController.swift in Sources */ = {isa = PBXBuildFile; fileRef = C1F743251EFA4F7300D10705 /* ProductController.swift */; };
		C1F743281EFA4F8C00D10705 /* UsViewController.swift in Sources */ = {isa = PBXBuildFile; fileRef = C1F743271EFA4F8C00D10705 /* UsViewController.swift */; };
		C1F7432A1EFA516E00D10705 /* Product.swift in Sources */ = {isa = PBXBuildFile; fileRef = C1F743291EFA516E00D10705 /* Product.swift */; };
/* End PBXBuildFile section */

/* Begin PBXFileReference section */
		C1F743071EFA4D3F00D10705 /* P1-GoodAsOldPhones.app */ = {isa = PBXFileReference; explicitFileType = wrapper.application; includeInIndex = 0; path = "P1-GoodAsOldPhones.app"; sourceTree = BUILT_PRODUCTS_DIR; };
		C1F7430A1EFA4D3F00D10705 /* AppDelegate.swift */ = {isa = PBXFileReference; lastKnownFileType = sourcecode.swift; path = AppDelegate.swift; sourceTree = "<group>"; };
		C1F7430F1EFA4D3F00D10705 /* Base */ = {isa = PBXFileReference; lastKnownFileType = file.storyboard; name = Base; path = Base.lproj/Main.storyboard; sourceTree = "<group>"; };
		C1F743111EFA4D3F00D10705 /* Assets.xcassets */ = {isa = PBXFileReference; lastKnownFileType = folder.assetcatalog; path = Assets.xcassets; sourceTree = "<group>"; };
		C1F743141EFA4D3F00D10705 /* Base */ = {isa = PBXFileReference; lastKnownFileType = file.storyboard; name = Base; path = Base.lproj/LaunchScreen.storyboard; sourceTree = "<group>"; };
		C1F743161EFA4D3F00D10705 /* Info.plist */ = {isa = PBXFileReference; lastKnownFileType = text.plist.xml; path = Info.plist; sourceTree = "<group>"; };
		C1F743211EFA4EBF00D10705 /* Product.storyboard */ = {isa = PBXFileReference; fileEncoding = 4; lastKnownFileType = file.storyboard; path = Product.storyboard; sourceTree = "<group>"; };
		C1F743231EFA4F1800D10705 /* Us.storyboard */ = {isa = PBXFileReference; fileEncoding = 4; lastKnownFileType = file.storyboard; path = Us.storyboard; sourceTree = "<group>"; };
		C1F743251EFA4F7300D10705 /* ProductController.swift */ = {isa = PBXFileReference; fileEncoding = 4; lastKnownFileType = sourcecode.swift; path = ProductController.swift; sourceTree = "<group>"; };
		C1F743271EFA4F8C00D10705 /* UsViewController.swift */ = {isa = PBXFileReference; fileEncoding = 4; lastKnownFileType = sourcecode.swift; path = UsViewController.swift; sourceTree = "<group>"; };
		C1F743291EFA516E00D10705 /* Product.swift */ = {isa = PBXFileReference; fileEncoding = 4; lastKnownFileType = sourcecode.swift; path = Product.swift; sourceTree = "<group>"; };
/* End PBXFileReference section */

/* Begin PBXFrameworksBuildPhase section */
		C1F743041EFA4D3F00D10705 /* Frameworks */ = {
			isa = PBXFrameworksBuildPhase;
			buildActionMask = 2147483647;
			files = (
			);
			runOnlyForDeploymentPostprocessing = 0;
		};
/* End PBXFrameworksBuildPhase section */

/* Begin PBXGroup section */
		C1F742FE1EFA4D3F00D10705 = {
			isa = PBXGroup;
			children = (
				C1F743091EFA4D3F00D10705 /* P1-GoodAsOldPhones */,
				C1F743081EFA4D3F00D10705 /* Products */,
			);
			sourceTree = "<group>";
		};
		C1F743081EFA4D3F00D10705 /* Products */ = {
			isa = PBXGroup;
			children = (
				C1F743071EFA4D3F00D10705 /* P1-GoodAsOldPhones.app */,
			);
			name = Products;
			sourceTree = "<group>";
		};
		C1F743091EFA4D3F00D10705 /* P1-GoodAsOldPhones */ = {
			isa = PBXGroup;
			children = (
				C1F7430A1EFA4D3F00D10705 /* AppDelegate.swift */,
				C1F7430E1EFA4D3F00D10705 /* Main.storyboard */,
				C1F7431C1EFA4E5E00D10705 /* Classes */,
				C1F743111EFA4D3F00D10705 /* Assets.xcassets */,
				C1F743131EFA4D3F00D10705 /* LaunchScreen.storyboard */,
				C1F743161EFA4D3F00D10705 /* Info.plist */,
			);
			path = "P1-GoodAsOldPhones";
			sourceTree = "<group>";
		};
		C1F7431C1EFA4E5E00D10705 /* Classes */ = {
			isa = PBXGroup;
			children = (
				C1F7431D1EFA4E7D00D10705 /* Product */,
				C1F7431E1EFA4E7D00D10705 /* Us */,
			);
			path = Classes;
			sourceTree = "<group>";
		};
		C1F7431D1EFA4E7D00D10705 /* Product */ = {
			isa = PBXGroup;
			children = (
				C1F743211EFA4EBF00D10705 /* Product.storyboard */,
				C1F743251EFA4F7300D10705 /* ProductController.swift */,
				C1F743291EFA516E00D10705 /* Product.swift */,
			);
			path = Product;
			sourceTree = "<group>";
		};
		C1F7431E1EFA4E7D00D10705 /* Us */ = {
			isa = PBXGroup;
			children = (
				C1F743231EFA4F1800D10705 /* Us.storyboard */,
				C1F743271EFA4F8C00D10705 /* UsViewController.swift */,
			);
			path = Us;
			sourceTree = "<group>";
		};
/* End PBXGroup section */

/* Begin PBXNativeTarget section */
		C1F743061EFA4D3F00D10705 /* P1-GoodAsOldPhones */ = {
			isa = PBXNativeTarget;
			buildConfigurationList = C1F743191EFA4D3F00D10705 /* Build configuration list for PBXNativeTarget "P1-GoodAsOldPhones" */;
			buildPhases = (
				C1F743031EFA4D3F00D10705 /* Sources */,
				C1F743041EFA4D3F00D10705 /* Frameworks */,
				C1F743051EFA4D3F00D10705 /* Resources */,
			);
			buildRules = (
			);
			dependencies = (
			);
			name = "P1-GoodAsOldPhones";
			productName = "P1-GoodAsOldPhones";
			productReference = C1F743071EFA4D3F00D10705 /* P1-GoodAsOldPhones.app */;
			productType = "com.apple.product-type.application";
		};
/* End PBXNativeTarget section */

/* Begin PBXProject section */
		C1F742FF1EFA4D3F00D10705 /* Project object */ = {
			isa = PBXProject;
			attributes = {
				LastSwiftUpdateCheck = 0830;
				LastUpgradeCheck = 0830;
				ORGANIZATIONNAME = pxl;
				TargetAttributes = {
					C1F743061EFA4D3F00D10705 = {
						CreatedOnToolsVersion = 8.3.3;
						DevelopmentTeam = QD82P77WSG;
						ProvisioningStyle = Automatic;
					};
				};
			};
			buildConfigurationList = C1F743021EFA4D3F00D10705 /* Build configuration list for PBXProject "P1-GoodAsOldPhones" */;
			compatibilityVersion = "Xcode 3.2";
			developmentRegion = English;
			hasScannedForEncodings = 0;
			knownRegions = (
				en,
				Base,
			);
			mainGroup = C1F742FE1EFA4D3F00D10705;
			productRefGroup = C1F743081EFA4D3F00D10705 /* Products */;
			projectDirPath = "";
			projectRoot = "";
			targets = (
				C1F743061EFA4D3F00D10705 /* P1-GoodAsOldPhones */,
			);
		};
/* End PBXProject section */

/* Begin PBXResourcesBuildPhase section */
		C1F743051EFA4D3F00D10705 /* Resources */ = {
			isa = PBXResourcesBuildPhase;
			buildActionMask = 2147483647;
			files = (
				C1F743221EFA4EBF00D10705 /* Product.storyboard in Resources */,
				C1F743151EFA4D3F00D10705 /* LaunchScreen.storyboard in Resources */,
				C1F743121EFA4D3F00D10705 /* Assets.xcassets in Resources */,
				C1F743241EFA4F1800D10705 /* Us.storyboard in Resources */,
				C1F743101EFA4D3F00D10705 /* Main.storyboard in Resources */,
			);
			runOnlyForDeploymentPostprocessing = 0;
		};
/* End PBXResourcesBuildPhase section */

/* Begin PBXSourcesBuildPhase section */
		C1F743031EFA4D3F00D10705 /* Sources */ = {
			isa = PBXSourcesBuildPhase;
			buildActionMask = 2147483647;
			files = (
				C1F7430B1EFA4D3F00D10705 /* AppDelegate.swift in Sources */,
				C1F7432A1EFA516E00D10705 /* Product.swift in Sources */,
				C1F743281EFA4F8C00D10705 /* UsViewController.swift in Sources */,
				C1F743261EFA4F7300D10705 /* ProductController.swift in Sources */,
			);
			runOnlyForDeploymentPostprocessing = 0;
		};
/* End PBXSourcesBuildPhase section */

/* Begin PBXVariantGroup section */
		C1F7430E1EFA4D3F00D10705 /* Main.storyboard */ = {
			isa = PBXVariantGroup;
			children = (
				C1F7430F1EFA4D3F00D10705 /* Base */,
			);
			name = Main.storyboard;
			sourceTree = "<group>";
		};
		C1F743131EFA4D3F00D10705 /* LaunchScreen.storyboard */ = {
			isa = PBXVariantGroup;
			children = (
				C1F743141EFA4D3F00D10705 /* Base */,
			);
			name = LaunchScreen.storyboard;
			sourceTree = "<group>";
		};
/* End PBXVariantGroup section */

/* Begin XCBuildConfiguration section */
		C1F743171EFA4D3F00D10705 /* Debug */ = {
			isa = XCBuildConfiguration;
			buildSettings = {
				ALWAYS_SEARCH_USER_PATHS = NO;
				CLANG_ANALYZER_NONNULL = YES;
				CLANG_ANALYZER_NUMBER_OBJECT_CONVERSION = YES_AGGRESSIVE;
				CLANG_CXX_LANGUAGE_STANDARD = "gnu++0x";
				CLANG_CXX_LIBRARY = "libc++";
				CLANG_ENABLE_MODULES = YES;
				CLANG_ENABLE_OBJC_ARC = YES;
				CLANG_WARN_BOOL_CONVERSION = YES;
				CLANG_WARN_CONSTANT_CONVERSION = YES;
				CLANG_WARN_DIRECT_OBJC_ISA_USAGE = YES_ERROR;
				CLANG_WARN_DOCUMENTATION_COMMENTS = YES;
				CLANG_WARN_EMPTY_BODY = YES;
				CLANG_WARN_ENUM_CONVERSION = YES;
				CLANG_WARN_INFINITE_RECURSION = YES;
				CLANG_WARN_INT_CONVERSION = YES;
				CLANG_WARN_OBJC_ROOT_CLASS = YES_ERROR;
				CLANG_WARN_SUSPICIOUS_MOVE = YES;
				CLANG_WARN_UNREACHABLE_CODE = YES;
				CLANG_WARN__DUPLICATE_METHOD_MATCH = YES;
				"CODE_SIGN_IDENTITY[sdk=iphoneos*]" = "iPhone Developer";
				COPY_PHASE_STRIP = NO;
				DEBUG_INFORMATION_FORMAT = dwarf;
				ENABLE_STRICT_OBJC_MSGSEND = YES;
				ENABLE_TESTABILITY = YES;
				GCC_C_LANGUAGE_STANDARD = gnu99;
				GCC_DYNAMIC_NO_PIC = NO;
				GCC_NO_COMMON_BLOCKS = YES;
				GCC_OPTIMIZATION_LEVEL = 0;
				GCC_PREPROCESSOR_DEFINITIONS = (
					"DEBUG=1",
					"$(inherited)",
				);
				GCC_WARN_64_TO_32_BIT_CONVERSION = YES;
				GCC_WARN_ABOUT_RETURN_TYPE = YES_ERROR;
				GCC_WARN_UNDECLARED_SELECTOR = YES;
				GCC_WARN_UNINITIALIZED_AUTOS = YES_AGGRESSIVE;
				GCC_WARN_UNUSED_FUNCTION = YES;
				GCC_WARN_UNUSED_VARIABLE = YES;
				IPHONEOS_DEPLOYMENT_TARGET = 10.3;
				MTL_ENABLE_DEBUG_INFO = YES;
				ONLY_ACTIVE_ARCH = YES;
				SDKROOT = iphoneos;
				SWIFT_ACTIVE_COMPILATION_CONDITIONS = DEBUG;
				SWIFT_OPTIMIZATION_LEVEL = "-Onone";
			};
			name = Debug;
		};
		C1F743181EFA4D3F00D10705 /* Release */ = {
			isa = XCBuildConfiguration;
			buildSettings = {
				ALWAYS_SEARCH_USER_PATHS = NO;
				CLANG_ANALYZER_NONNULL = YES;
				CLANG_ANALYZER_NUMBER_OBJECT_CONVERSION = YES_AGGRESSIVE;
				CLANG_CXX_LANGUAGE_STANDARD = "gnu++0x";
				CLANG_CXX_LIBRARY = "libc++";
				CLANG_ENABLE_MODULES = YES;
				CLANG_ENABLE_OBJC_ARC = YES;
				CLANG_WARN_BOOL_CONVERSION = YES;
				CLANG_WARN_CONSTANT_CONVERSION = YES;
				CLANG_WARN_DIRECT_OBJC_ISA_USAGE = YES_ERROR;
				CLANG_WARN_DOCUMENTATION_COMMENTS = YES;
				CLANG_WARN_EMPTY_BODY = YES;
				CLANG_WARN_ENUM_CONVERSION = YES;
				CLANG_WARN_INFINITE_RECURSION = YES;
				CLANG_WARN_INT_CONVERSION = YES;
				CLANG_WARN_OBJC_ROOT_CLASS = YES_ERROR;
				CLANG_WARN_SUSPICIOUS_MOVE = YES;
				CLANG_WARN_UNREACHABLE_CODE = YES;
				CLANG_WARN__DUPLICATE_METHOD_MATCH = YES;
				"CODE_SIGN_IDENTITY[sdk=iphoneos*]" = "iPhone Developer";
				COPY_PHASE_STRIP = NO;
				DEBUG_INFORMATION_FORMAT = "dwarf-with-dsym";
				ENABLE_NS_ASSERTIONS = NO;
				ENABLE_STRICT_OBJC_MSGSEND = YES;
				GCC_C_LANGUAGE_STANDARD = gnu99;
				GCC_NO_COMMON_BLOCKS = YES;
				GCC_WARN_64_TO_32_BIT_CONVERSION = YES;
				GCC_WARN_ABOUT_RETURN_TYPE = YES_ERROR;
				GCC_WARN_UNDECLARED_SELECTOR = YES;
				GCC_WARN_UNINITIALIZED_AUTOS = YES_AGGRESSIVE;
				GCC_WARN_UNUSED_FUNCTION = YES;
				GCC_WARN_UNUSED_VARIABLE = YES;
				IPHONEOS_DEPLOYMENT_TARGET = 10.3;
				MTL_ENABLE_DEBUG_INFO = NO;
				SDKROOT = iphoneos;
				SWIFT_OPTIMIZATION_LEVEL = "-Owholemodule";
				VALIDATE_PRODUCT = YES;
			};
			name = Release;
		};
		C1F7431A1EFA4D3F00D10705 /* Debug */ = {
			isa = XCBuildConfiguration;
			buildSettings = {
				ASSETCATALOG_COMPILER_APPICON_NAME = AppIcon;
				DEVELOPMENT_TEAM = QD82P77WSG;
				INFOPLIST_FILE = "P1-GoodAsOldPhones/Info.plist";
				LD_RUNPATH_SEARCH_PATHS = "$(inherited) @executable_path/Frameworks";
				PRODUCT_BUNDLE_IDENTIFIER = "com.rocfly.P1-GoodAsOldPhones";
				PRODUCT_NAME = "$(TARGET_NAME)";
				SWIFT_VERSION = 3.0;
			};
			name = Debug;
		};
		C1F7431B1EFA4D3F00D10705 /* Release */ = {
			isa = XCBuildConfiguration;
			buildSettings = {
				ASSETCATALOG_COMPILER_APPICON_NAME = AppIcon;
				DEVELOPMENT_TEAM = QD82P77WSG;
				INFOPLIST_FILE = "P1-GoodAsOldPhones/Info.plist";
				LD_RUNPATH_SEARCH_PATHS = "$(inherited) @executable_path/Frameworks";
				PRODUCT_BUNDLE_IDENTIFIER = "com.rocfly.P1-GoodAsOldPhones";
				PRODUCT_NAME = "$(TARGET_NAME)";
				SWIFT_VERSION = 3.0;
			};
			name = Release;
		};
/* End XCBuildConfiguration section */

/* Begin XCConfigurationList section */
		C1F743021EFA4D3F00D10705 /* Build configuration list for PBXProject "P1-GoodAsOldPhones" */ = {
			isa = XCConfigurationList;
			buildConfigurations = (
				C1F743171EFA4D3F00D10705 /* Debug */,
				C1F743181EFA4D3F00D10705 /* Release */,
			);
			defaultConfigurationIsVisible = 0;
			defaultConfigurationName = Release;
		};
		C1F743191EFA4D3F00D10705 /* Build configuration list for PBXNativeTarget "P1-GoodAsOldPhones" */ = {
			isa = XCConfigurationList;
			buildConfigurations = (
				C1F7431A1EFA4D3F00D10705 /* Debug */,
				C1F7431B1EFA4D3F00D10705 /* Release */,
			);
			defaultConfigurationIsVisible = 0;
		};
/* End XCConfigurationList section */
	};
	rootObject = C1F742FF1EFA4D3F00D10705 /* Project object */;
}
